// !$*UTF8*$!
{
	archiveVersion = 1;
	classes = {
	};
	objectVersion = 56;
	objects = {

/* Begin PBXBuildFile section */
		625736502AB39073006466DB /* TodoApp.swift in Sources */ = {isa = PBXBuildFile; fileRef = 6257364F2AB39073006466DB /* TodoApp.swift */; };
		625736522AB39073006466DB /* ContentView.swift in Sources */ = {isa = PBXBuildFile; fileRef = 625736512AB39073006466DB /* ContentView.swift */; };
		625736542AB39074006466DB /* Assets.xcassets in Resources */ = {isa = PBXBuildFile; fileRef = 625736532AB39074006466DB /* Assets.xcassets */; };
		625736572AB39074006466DB /* Preview Assets.xcassets in Resources */ = {isa = PBXBuildFile; fileRef = 625736562AB39074006466DB /* Preview Assets.xcassets */; };
		625736632AB3910E006466DB /* TaskView.swift in Sources */ = {isa = PBXBuildFile; fileRef = 625736622AB3910E006466DB /* TaskView.swift */; };
		625736662AB391D2006466DB /* TaskRow.swift in Sources */ = {isa = PBXBuildFile; fileRef = 625736652AB391D2006466DB /* TaskRow.swift */; };
		625736682AB39272006466DB /* AddTaskView.swift in Sources */ = {isa = PBXBuildFile; fileRef = 625736672AB39272006466DB /* AddTaskView.swift */; };
		6257366C2AB39450006466DB /* SmallAddButton.swift in Sources */ = {isa = PBXBuildFile; fileRef = 6257366B2AB39450006466DB /* SmallAddButton.swift */; };
		6257366F2AB39894006466DB /* Realm in Frameworks */ = {isa = PBXBuildFile; productRef = 6257366E2AB39894006466DB /* Realm */; };
		625736712AB39894006466DB /* RealmSwift in Frameworks */ = {isa = PBXBuildFile; productRef = 625736702AB39894006466DB /* RealmSwift */; };
		625736742AB44D6F006466DB /* RealmManger.swift in Sources */ = {isa = PBXBuildFile; fileRef = 625736732AB44D6F006466DB /* RealmManger.swift */; };
		625736762AB44E4D006466DB /* Task.swift in Sources */ = {isa = PBXBuildFile; fileRef = 625736752AB44E4D006466DB /* Task.swift */; };
/* End PBXBuildFile section */

/* Begin PBXFileReference section */
		6257364C2AB39073006466DB /* Todo.app */ = {isa = PBXFileReference; explicitFileType = wrapper.application; includeInIndex = 0; path = Todo.app; sourceTree = BUILT_PRODUCTS_DIR; };
		6257364F2AB39073006466DB /* TodoApp.swift */ = {isa = PBXFileReference; lastKnownFileType = sourcecode.swift; path = TodoApp.swift; sourceTree = "<group>"; };
		625736512AB39073006466DB /* ContentView.swift */ = {isa = PBXFileReference; lastKnownFileType = sourcecode.swift; path = ContentView.swift; sourceTree = "<group>"; };
		625736532AB39074006466DB /* Assets.xcassets */ = {isa = PBXFileReference; lastKnownFileType = folder.assetcatalog; path = Assets.xcassets; sourceTree = "<group>"; };
		625736562AB39074006466DB /* Preview Assets.xcassets */ = {isa = PBXFileReference; lastKnownFileType = folder.assetcatalog; path = "Preview Assets.xcassets"; sourceTree = "<group>"; };
		625736622AB3910E006466DB /* TaskView.swift */ = {isa = PBXFileReference; lastKnownFileType = sourcecode.swift; path = TaskView.swift; sourceTree = "<group>"; };
		625736652AB391D2006466DB /* TaskRow.swift */ = {isa = PBXFileReference; lastKnownFileType = sourcecode.swift; path = TaskRow.swift; sourceTree = "<group>"; };
		625736672AB39272006466DB /* AddTaskView.swift */ = {isa = PBXFileReference; lastKnownFileType = sourcecode.swift; path = AddTaskView.swift; sourceTree = "<group>"; };
		6257366B2AB39450006466DB /* SmallAddButton.swift */ = {isa = PBXFileReference; lastKnownFileType = sourcecode.swift; path = SmallAddButton.swift; sourceTree = "<group>"; };
		625736732AB44D6F006466DB /* RealmManger.swift */ = {isa = PBXFileReference; lastKnownFileType = sourcecode.swift; path = RealmManger.swift; sourceTree = "<group>"; };
		625736752AB44E4D006466DB /* Task.swift */ = {isa = PBXFileReference; lastKnownFileType = sourcecode.swift; path = Task.swift; sourceTree = "<group>"; };
/* End PBXFileReference section */

/* Begin PBXFrameworksBuildPhase section */
		625736492AB39073006466DB /* Frameworks */ = {
			isa = PBXFrameworksBuildPhase;
			buildActionMask = 2147483647;
			files = (
				625736712AB39894006466DB /* RealmSwift in Frameworks */,
				6257366F2AB39894006466DB /* Realm in Frameworks */,
			);
			runOnlyForDeploymentPostprocessing = 0;
		};
/* End PBXFrameworksBuildPhase section */

/* Begin PBXGroup section */
		625736432AB39073006466DB = {
			isa = PBXGroup;
			children = (
				6257364E2AB39073006466DB /* Todo */,
				6257364D2AB39073006466DB /* Products */,
			);
			sourceTree = "<group>";
		};
		6257364D2AB39073006466DB /* Products */ = {
			isa = PBXGroup;
			children = (
				6257364C2AB39073006466DB /* Todo.app */,
			);
			name = Products;
			sourceTree = "<group>";
		};
		6257364E2AB39073006466DB /* Todo */ = {
			isa = PBXGroup;
			children = (
				625736722AB44D42006466DB /* Services */,
				6257365E2AB390B0006466DB /* Core */,
				6257365D2AB3909E006466DB /* App */,
				625736532AB39074006466DB /* Assets.xcassets */,
				625736552AB39074006466DB /* Preview Content */,
			);
			path = Todo;
			sourceTree = "<group>";
		};
		625736552AB39074006466DB /* Preview Content */ = {
			isa = PBXGroup;
			children = (
				625736562AB39074006466DB /* Preview Assets.xcassets */,
			);
			path = "Preview Content";
			sourceTree = "<group>";
		};
		6257365D2AB3909E006466DB /* App */ = {
			isa = PBXGroup;
			children = (
				6257364F2AB39073006466DB /* TodoApp.swift */,
			);
			path = App;
			sourceTree = "<group>";
		};
		6257365E2AB390B0006466DB /* Core */ = {
			isa = PBXGroup;
			children = (
				625736612AB390CB006466DB /* ViewModel */,
				625736602AB390C6006466DB /* View */,
				6257365F2AB390C0006466DB /* Model */,
			);
			path = Core;
			sourceTree = "<group>";
		};
		6257365F2AB390C0006466DB /* Model */ = {
			isa = PBXGroup;
			children = (
				625736752AB44E4D006466DB /* Task.swift */,
			);
			path = Model;
			sourceTree = "<group>";
		};
		625736602AB390C6006466DB /* View */ = {
			isa = PBXGroup;
			children = (
				625736692AB39432006466DB /* Components */,
				625736512AB39073006466DB /* ContentView.swift */,
				625736622AB3910E006466DB /* TaskView.swift */,
				625736652AB391D2006466DB /* TaskRow.swift */,
				625736672AB39272006466DB /* AddTaskView.swift */,
			);
			path = View;
			sourceTree = "<group>";
		};
		625736612AB390CB006466DB /* ViewModel */ = {
			isa = PBXGroup;
			children = (
			);
			path = ViewModel;
			sourceTree = "<group>";
		};
		625736692AB39432006466DB /* Components */ = {
			isa = PBXGroup;
			children = (
				6257366B2AB39450006466DB /* SmallAddButton.swift */,
			);
			path = Components;
			sourceTree = "<group>";
		};
		625736722AB44D42006466DB /* Services */ = {
			isa = PBXGroup;
			children = (
				625736732AB44D6F006466DB /* RealmManger.swift */,
			);
			path = Services;
			sourceTree = "<group>";
		};
/* End PBXGroup section */

/* Begin PBXNativeTarget section */
		6257364B2AB39073006466DB /* Todo */ = {
			isa = PBXNativeTarget;
			buildConfigurationList = 6257365A2AB39074006466DB /* Build configuration list for PBXNativeTarget "Todo" */;
			buildPhases = (
				625736482AB39073006466DB /* Sources */,
				625736492AB39073006466DB /* Frameworks */,
				6257364A2AB39073006466DB /* Resources */,
			);
			buildRules = (
			);
			dependencies = (
			);
			name = Todo;
			packageProductDependencies = (
				6257366E2AB39894006466DB /* Realm */,
				625736702AB39894006466DB /* RealmSwift */,
			);
			productName = Todo;
			productReference = 6257364C2AB39073006466DB /* Todo.app */;
			productType = "com.apple.product-type.application";
		};
/* End PBXNativeTarget section */

/* Begin PBXProject section */
		625736442AB39073006466DB /* Project object */ = {
			isa = PBXProject;
			attributes = {
				BuildIndependentTargetsInParallel = 1;
				LastSwiftUpdateCheck = 1430;
				LastUpgradeCheck = 1430;
				TargetAttributes = {
					6257364B2AB39073006466DB = {
						CreatedOnToolsVersion = 14.3.1;
					};
				};
			};
			buildConfigurationList = 625736472AB39073006466DB /* Build configuration list for PBXProject "Todo" */;
			compatibilityVersion = "Xcode 14.0";
			developmentRegion = en;
			hasScannedForEncodings = 0;
			knownRegions = (
				en,
				Base,
			);
			mainGroup = 625736432AB39073006466DB;
			packageReferences = (
				6257366D2AB39894006466DB /* XCRemoteSwiftPackageReference "realm-swift" */,
			);
			productRefGroup = 6257364D2AB39073006466DB /* Products */;
			projectDirPath = "";
			projectRoot = "";
			targets = (
				6257364B2AB39073006466DB /* Todo */,
			);
		};
/* End PBXProject section */

/* Begin PBXResourcesBuildPhase section */
		6257364A2AB39073006466DB /* Resources */ = {
			isa = PBXResourcesBuildPhase;
			buildActionMask = 2147483647;
			files = (
				625736572AB39074006466DB /* Preview Assets.xcassets in Resources */,
				625736542AB39074006466DB /* Assets.xcassets in Resources */,
			);
			runOnlyForDeploymentPostprocessing = 0;
		};
/* End PBXResourcesBuildPhase section */

/* Begin PBXSourcesBuildPhase section */
		625736482AB39073006466DB /* Sources */ = {
			isa = PBXSourcesBuildPhase;
			buildActionMask = 2147483647;
			files = (
				625736762AB44E4D006466DB /* Task.swift in Sources */,
				625736632AB3910E006466DB /* TaskView.swift in Sources */,
				625736682AB39272006466DB /* AddTaskView.swift in Sources */,
				625736522AB39073006466DB /* ContentView.swift in Sources */,
				6257366C2AB39450006466DB /* SmallAddButton.swift in Sources */,
				625736742AB44D6F006466DB /* RealmManger.swift in Sources */,
				625736502AB39073006466DB /* TodoApp.swift in Sources */,
				625736662AB391D2006466DB /* TaskRow.swift in Sources */,
			);
			runOnlyForDeploymentPostprocessing = 0;
		};
/* End PBXSourcesBuildPhase section */

/* Begin XCBuildConfiguration section */
		625736582AB39074006466DB /* Debug */ = {
			isa = XCBuildConfiguration;
			buildSettings = {
				ALWAYS_SEARCH_USER_PATHS = NO;
				CLANG_ANALYZER_NONNULL = YES;
				CLANG_ANALYZER_NUMBER_OBJECT_CONVERSION = YES_AGGRESSIVE;
				CLANG_CXX_LANGUAGE_STANDARD = "gnu++20";
				CLANG_ENABLE_MODULES = YES;
				CLANG_ENABLE_OBJC_ARC = YES;
				CLANG_ENABLE_OBJC_WEAK = YES;
				CLANG_WARN_BLOCK_CAPTURE_AUTORELEASING = YES;
				CLANG_WARN_BOOL_CONVERSION = YES;
				CLANG_WARN_COMMA = YES;
				CLANG_WARN_CONSTANT_CONVERSION = YES;
				CLANG_WARN_DEPRECATED_OBJC_IMPLEMENTATIONS = YES;
				CLANG_WARN_DIRECT_OBJC_ISA_USAGE = YES_ERROR;
				CLANG_WARN_DOCUMENTATION_COMMENTS = YES;
				CLANG_WARN_EMPTY_BODY = YES;
				CLANG_WARN_ENUM_CONVERSION = YES;
				CLANG_WARN_INFINITE_RECURSION = YES;
				CLANG_WARN_INT_CONVERSION = YES;
				CLANG_WARN_NON_LITERAL_NULL_CONVERSION = YES;
				CLANG_WARN_OBJC_IMPLICIT_RETAIN_SELF = YES;
				CLANG_WARN_OBJC_LITERAL_CONVERSION = YES;
				CLANG_WARN_OBJC_ROOT_CLASS = YES_ERROR;
				CLANG_WARN_QUOTED_INCLUDE_IN_FRAMEWORK_HEADER = YES;
				CLANG_WARN_RANGE_LOOP_ANALYSIS = YES;
				CLANG_WARN_STRICT_PROTOTYPES = YES;
				CLANG_WARN_SUSPICIOUS_MOVE = YES;
				CLANG_WARN_UNGUARDED_AVAILABILITY = YES_AGGRESSIVE;
				CLANG_WARN_UNREACHABLE_CODE = YES;
				CLANG_WARN__DUPLICATE_METHOD_MATCH = YES;
				COPY_PHASE_STRIP = NO;
				DEBUG_INFORMATION_FORMAT = dwarf;
				ENABLE_STRICT_OBJC_MSGSEND = YES;
				ENABLE_TESTABILITY = YES;
				GCC_C_LANGUAGE_STANDARD = gnu11;
				GCC_DYNAMIC_NO_PIC = NO;
				GCC_NO_COMMON_BLOCKS = YES;
				GCC_OPTIMIZATION_LEVEL = 0;
				GCC_PREPROCESSOR_DEFINITIONS = (
					"DEBUG=1",
					"$(inherited)",
				);
				GCC_WARN_64_TO_32_BIT_CONVERSION = YES;
				GCC_WARN_ABOUT_RETURN_TYPE = YES_ERROR;
				GCC_WARN_UNDECLARED_SELECTOR = YES;
				GCC_WARN_UNINITIALIZED_AUTOS = YES_AGGRESSIVE;
				GCC_WARN_UNUSED_FUNCTION = YES;
				GCC_WARN_UNUSED_VARIABLE = YES;
				IPHONEOS_DEPLOYMENT_TARGET = 16.4;
				MTL_ENABLE_DEBUG_INFO = INCLUDE_SOURCE;
				MTL_FAST_MATH = YES;
				ONLY_ACTIVE_ARCH = YES;
				SDKROOT = iphoneos;
				SWIFT_ACTIVE_COMPILATION_CONDITIONS = DEBUG;
				SWIFT_OPTIMIZATION_LEVEL = "-Onone";
			};
			name = Debug;
		};
		625736592AB39074006466DB /* Release */ = {
			isa = XCBuildConfiguration;
			buildSettings = {
				ALWAYS_SEARCH_USER_PATHS = NO;
				CLANG_ANALYZER_NONNULL = YES;
				CLANG_ANALYZER_NUMBER_OBJECT_CONVERSION = YES_AGGRESSIVE;
				CLANG_CXX_LANGUAGE_STANDARD = "gnu++20";
				CLANG_ENABLE_MODULES = YES;
				CLANG_ENABLE_OBJC_ARC = YES;
				CLANG_ENABLE_OBJC_WEAK = YES;
				CLANG_WARN_BLOCK_CAPTURE_AUTORELEASING = YES;
				CLANG_WARN_BOOL_CONVERSION = YES;
				CLANG_WARN_COMMA = YES;
				CLANG_WARN_CONSTANT_CONVERSION = YES;
				CLANG_WARN_DEPRECATED_OBJC_IMPLEMENTATIONS = YES;
				CLANG_WARN_DIRECT_OBJC_ISA_USAGE = YES_ERROR;
				CLANG_WARN_DOCUMENTATION_COMMENTS = YES;
				CLANG_WARN_EMPTY_BODY = YES;
				CLANG_WARN_ENUM_CONVERSION = YES;
				CLANG_WARN_INFINITE_RECURSION = YES;
				CLANG_WARN_INT_CONVERSION = YES;
				CLANG_WARN_NON_LITERAL_NULL_CONVERSION = YES;
				CLANG_WARN_OBJC_IMPLICIT_RETAIN_SELF = YES;
				CLANG_WARN_OBJC_LITERAL_CONVERSION = YES;
				CLANG_WARN_OBJC_ROOT_CLASS = YES_ERROR;
				CLANG_WARN_QUOTED_INCLUDE_IN_FRAMEWORK_HEADER = YES;
				CLANG_WARN_RANGE_LOOP_ANALYSIS = YES;
				CLANG_WARN_STRICT_PROTOTYPES = YES;
				CLANG_WARN_SUSPICIOUS_MOVE = YES;
				CLANG_WARN_UNGUARDED_AVAILABILITY = YES_AGGRESSIVE;
				CLANG_WARN_UNREACHABLE_CODE = YES;
				CLANG_WARN__DUPLICATE_METHOD_MATCH = YES;
				COPY_PHASE_STRIP = NO;
				DEBUG_INFORMATION_FORMAT = "dwarf-with-dsym";
				ENABLE_NS_ASSERTIONS = NO;
				ENABLE_STRICT_OBJC_MSGSEND = YES;
				GCC_C_LANGUAGE_STANDARD = gnu11;
				GCC_NO_COMMON_BLOCKS = YES;
				GCC_WARN_64_TO_32_BIT_CONVERSION = YES;
				GCC_WARN_ABOUT_RETURN_TYPE = YES_ERROR;
				GCC_WARN_UNDECLARED_SELECTOR = YES;
				GCC_WARN_UNINITIALIZED_AUTOS = YES_AGGRESSIVE;
				GCC_WARN_UNUSED_FUNCTION = YES;
				GCC_WARN_UNUSED_VARIABLE = YES;
				IPHONEOS_DEPLOYMENT_TARGET = 16.4;
				MTL_ENABLE_DEBUG_INFO = NO;
				MTL_FAST_MATH = YES;
				SDKROOT = iphoneos;
				SWIFT_COMPILATION_MODE = wholemodule;
				SWIFT_OPTIMIZATION_LEVEL = "-O";
				VALIDATE_PRODUCT = YES;
			};
			name = Release;
		};
		6257365B2AB39074006466DB /* Debug */ = {
			isa = XCBuildConfiguration;
			buildSettings = {
				ASSETCATALOG_COMPILER_APPICON_NAME = AppIcon;
				ASSETCATALOG_COMPILER_GLOBAL_ACCENT_COLOR_NAME = AccentColor;
				CODE_SIGN_STYLE = Automatic;
				CURRENT_PROJECT_VERSION = 1;
				DEVELOPMENT_ASSET_PATHS = "\"Todo/Preview Content\"";
				DEVELOPMENT_TEAM = VSY97VS53N;
				ENABLE_PREVIEWS = YES;
				GENERATE_INFOPLIST_FILE = YES;
				INFOPLIST_KEY_UIApplicationSceneManifest_Generation = YES;
				INFOPLIST_KEY_UIApplicationSupportsIndirectInputEvents = YES;
				INFOPLIST_KEY_UILaunchScreen_Generation = YES;
				INFOPLIST_KEY_UISupportedInterfaceOrientations_iPad = "UIInterfaceOrientationPortrait UIInterfaceOrientationPortraitUpsideDown UIInterfaceOrientationLandscapeLeft UIInterfaceOrientationLandscapeRight";
				INFOPLIST_KEY_UISupportedInterfaceOrientations_iPhone = "UIInterfaceOrientationPortrait UIInterfaceOrientationLandscapeLeft UIInterfaceOrientationLandscapeRight";
				LD_RUNPATH_SEARCH_PATHS = (
					"$(inherited)",
					"@executable_path/Frameworks",
				);
				MARKETING_VERSION = 1.0;
				PRODUCT_BUNDLE_IDENTIFIER = com.harshit.Todo;
				PRODUCT_NAME = "$(TARGET_NAME)";
				SWIFT_EMIT_LOC_STRINGS = YES;
				SWIFT_VERSION = 5.0;
				TARGETED_DEVICE_FAMILY = "1,2";
			};
			name = Debug;
		};
		6257365C2AB39074006466DB /* Release */ = {
			isa = XCBuildConfiguration;
			buildSettings = {
				ASSETCATALOG_COMPILER_APPICON_NAME = AppIcon;
				ASSETCATALOG_COMPILER_GLOBAL_ACCENT_COLOR_NAME = AccentColor;
				CODE_SIGN_STYLE = Automatic;
				CURRENT_PROJECT_VERSION = 1;
				DEVELOPMENT_ASSET_PATHS = "\"Todo/Preview Content\"";
				DEVELOPMENT_TEAM = VSY97VS53N;
				ENABLE_PREVIEWS = YES;
				GENERATE_INFOPLIST_FILE = YES;
				INFOPLIST_KEY_UIApplicationSceneManifest_Generation = YES;
				INFOPLIST_KEY_UIApplicationSupportsIndirectInputEvents = YES;
				INFOPLIST_KEY_UILaunchScreen_Generation = YES;
				INFOPLIST_KEY_UISupportedInterfaceOrientations_iPad = "UIInterfaceOrientationPortrait UIInterfaceOrientationPortraitUpsideDown UIInterfaceOrientationLandscapeLeft UIInterfaceOrientationLandscapeRight";
				INFOPLIST_KEY_UISupportedInterfaceOrientations_iPhone = "UIInterfaceOrientationPortrait UIInterfaceOrientationLandscapeLeft UIInterfaceOrientationLandscapeRight";
				LD_RUNPATH_SEARCH_PATHS = (
					"$(inherited)",
					"@executable_path/Frameworks",
				);
				MARKETING_VERSION = 1.0;
				PRODUCT_BUNDLE_IDENTIFIER = com.harshit.Todo;
				PRODUCT_NAME = "$(TARGET_NAME)";
				SWIFT_EMIT_LOC_STRINGS = YES;
				SWIFT_VERSION = 5.0;
				TARGETED_DEVICE_FAMILY = "1,2";
			};
			name = Release;
		};
/* End XCBuildConfiguration section */

/* Begin XCConfigurationList section */
		625736472AB39073006466DB /* Build configuration list for PBXProject "Todo" */ = {
			isa = XCConfigurationList;
			buildConfigurations = (
				625736582AB39074006466DB /* Debug */,
				625736592AB39074006466DB /* Release */,
			);
			defaultConfigurationIsVisible = 0;
			defaultConfigurationName = Release;
		};
		6257365A2AB39074006466DB /* Build configuration list for PBXNativeTarget "Todo" */ = {
			isa = XCConfigurationList;
			buildConfigurations = (
				6257365B2AB39074006466DB /* Debug */,
				6257365C2AB39074006466DB /* Release */,
			);
			defaultConfigurationIsVisible = 0;
			defaultConfigurationName = Release;
		};
/* End XCConfigurationList section */

/* Begin XCRemoteSwiftPackageReference section */
		6257366D2AB39894006466DB /* XCRemoteSwiftPackageReference "realm-swift" */ = {
			isa = XCRemoteSwiftPackageReference;
			repositoryURL = "https://github.com/realm/realm-swift.git";
			requirement = {
				kind = upToNextMajorVersion;
				minimumVersion = 10.10.0;
			};
		};
/* End XCRemoteSwiftPackageReference section */

/* Begin XCSwiftPackageProductDependency section */
		6257366E2AB39894006466DB /* Realm */ = {
			isa = XCSwiftPackageProductDependency;
			package = 6257366D2AB39894006466DB /* XCRemoteSwiftPackageReference "realm-swift" */;
			productName = Realm;
		};
		625736702AB39894006466DB /* RealmSwift */ = {
			isa = XCSwiftPackageProductDependency;
			package = 6257366D2AB39894006466DB /* XCRemoteSwiftPackageReference "realm-swift" */;
			productName = RealmSwift;
		};
/* End XCSwiftPackageProductDependency section */
	};
	rootObject = 625736442AB39073006466DB /* Project object */;
}
